
Microsoft Visual Studio Solution File, Format Version 12.00
# Visual Studio 15
VisualStudioVersion = 15.0.27428.2015
MinimumVisualStudioVersion = 10.0.40219.1
Project("{FAE04EC0-301F-11D3-BF4B-00C04F79EFBC}") = "Event-ECS-Client-Test", "Event-ECS-Client\Event-ECS-Client-Test.csproj", "{1607D8C6-43FC-4320-9B38-61308C866A55}"
EndProject
Project("{FAE04EC0-301F-11D3-BF4B-00C04F79EFBC}") = "Event-ECS-Client-Common", "Event-ECS-Client-Common\Event-ECS-Client-Common.csproj", "{BCA24C62-6D54-45EE-A6FC-6FC0D402A744}"
EndProject
Project("{FAE04EC0-301F-11D3-BF4B-00C04F79EFBC}") = "Event-ECS-Client-Console", "Event-ECS-Client-Console\Event-ECS-Client-Console.csproj", "{4D368A25-36EB-4F65-85BA-EB7D7961C9B5}"
EndProject
Global
	GlobalSection(SolutionConfigurationPlatforms) = preSolution
		Debug|Any CPU = Debug|Any CPU
		Release|Any CPU = Release|Any CPU
	EndGlobalSection
	GlobalSection(ProjectConfigurationPlatforms) = postSolution
		{1607D8C6-43FC-4320-9B38-61308C866A55}.Debug|Any CPU.ActiveCfg = Debug|Any CPU
		{1607D8C6-43FC-4320-9B38-61308C866A55}.Debug|Any CPU.Build.0 = Debug|Any CPU
		{1607D8C6-43FC-4320-9B38-61308C866A55}.Release|Any CPU.ActiveCfg = Release|Any CPU
		{1607D8C6-43FC-4320-9B38-61308C866A55}.Release|Any CPU.Build.0 = Release|Any CPU
		{BCA24C62-6D54-45EE-A6FC-6FC0D402A744}.Debug|Any CPU.ActiveCfg = Debug|Any CPU
		{BCA24C62-6D54-45EE-A6FC-6FC0D402A744}.Debug|Any CPU.Build.0 = Debug|Any CPU
		{BCA24C62-6D54-45EE-A6FC-6FC0D402A744}.Release|Any CPU.ActiveCfg = Release|Any CPU
		{BCA24C62-6D54-45EE-A6FC-6FC0D402A744}.Release|Any CPU.Build.0 = Release|Any CPU
		{4D368A25-36EB-4F65-85BA-EB7D7961C9B5}.Debug|Any CPU.ActiveCfg = Debug|Any CPU
		{4D368A25-36EB-4F65-85BA-EB7D7961C9B5}.Debug|Any CPU.Build.0 = Debug|Any CPU
		{4D368A25-36EB-4F65-85BA-EB7D7961C9B5}.Release|Any CPU.ActiveCfg = Release|Any CPU
		{4D368A25-36EB-4F65-85BA-EB7D7961C9B5}.Release|Any CPU.Build.0 = Release|Any CPU
	EndGlobalSection
	GlobalSection(SolutionProperties) = preSolution
		HideSolutionNode = FALSE
	EndGlobalSection
	GlobalSection(ExtensibilityGlobals) = postSolution
		SolutionGuid = {8A8AF456-79A5-446D-84F8-5EF435A63156}
	EndGlobalSection
EndGlobal
